// !$*UTF8*$!
{
	archiveVersion = 1;
	classes = {
	};
	objectVersion = 50;
	objects = {

/* Begin PBXBuildFile section */
		DA06AFB521B347E100F4F6E9 /* NSFont.swift in Sources */ = {isa = PBXBuildFile; fileRef = DA06AFB421B347E100F4F6E9 /* NSFont.swift */; };
		DA06AFB721B44A5000F4F6E9 /* Markdown.swift in Sources */ = {isa = PBXBuildFile; fileRef = DA06AFB621B44A5000F4F6E9 /* Markdown.swift */; };
		DA06AFB821B44A5000F4F6E9 /* Markdown.swift in Sources */ = {isa = PBXBuildFile; fileRef = DA06AFB621B44A5000F4F6E9 /* Markdown.swift */; };
		DA06AFBA21B44C0800F4F6E9 /* Trait.swift in Sources */ = {isa = PBXBuildFile; fileRef = DA06AFB921B44C0800F4F6E9 /* Trait.swift */; };
		DA06AFBB21B44C0800F4F6E9 /* Trait.swift in Sources */ = {isa = PBXBuildFile; fileRef = DA06AFB921B44C0800F4F6E9 /* Trait.swift */; };
		DA06AFBD21B44EFE00F4F6E9 /* TestMarkdown.swift in Sources */ = {isa = PBXBuildFile; fileRef = DA06AFBC21B44EFE00F4F6E9 /* TestMarkdown.swift */; };
		DA1E532821A6B0A200A5A680 /* View.swift in Sources */ = {isa = PBXBuildFile; fileRef = DA1E532721A6B0A200A5A680 /* View.swift */; };
		DA1E532C21A6FDE800A5A680 /* Assets.xcassets in Resources */ = {isa = PBXBuildFile; fileRef = DA1E532B21A6FDE800A5A680 /* Assets.xcassets */; };
		DA1E532E21A704BD00A5A680 /* Window.swift in Sources */ = {isa = PBXBuildFile; fileRef = DA1E532D21A704BD00A5A680 /* Window.swift */; };
		DA43810E21AAAE4600BE7895 /* NSColor.swift in Sources */ = {isa = PBXBuildFile; fileRef = DA43810D21AAAE4600BE7895 /* NSColor.swift */; };
		DA5A584C21AD385700093B38 /* SourceCodeVariable-Roman.ttf in Resources */ = {isa = PBXBuildFile; fileRef = DA5A584621AD385700093B38 /* SourceCodeVariable-Roman.ttf */; };
		DA5A584D21AD385700093B38 /* SourceCodeVariable-Roman.ttf in Resources */ = {isa = PBXBuildFile; fileRef = DA5A584621AD385700093B38 /* SourceCodeVariable-Roman.ttf */; };
		DA738C5321A9B06D00E51D93 /* TestEditing.swift in Sources */ = {isa = PBXBuildFile; fileRef = DA738C5221A9B06D00E51D93 /* TestEditing.swift */; };
		DA76266121A6A195009EBF8F /* Application.swift in Sources */ = {isa = PBXBuildFile; fileRef = DA76266021A6A195009EBF8F /* Application.swift */; };
		DA76266721A6A1B4009EBF8F /* Main.storyboard in Resources */ = {isa = PBXBuildFile; fileRef = DA76266421A6A1A8009EBF8F /* Main.storyboard */; };
		DA76266821A6A1B9009EBF8F /* LaunchScreen.storyboard in Resources */ = {isa = PBXBuildFile; fileRef = DA76266621A6A1A8009EBF8F /* LaunchScreen.storyboard */; };
		DA76266B21A6A1D0009EBF8F /* Application.swift in Sources */ = {isa = PBXBuildFile; fileRef = DA76266A21A6A1D0009EBF8F /* Application.swift */; };
		DA76267721A6A228009EBF8F /* Localizable.strings in Resources */ = {isa = PBXBuildFile; fileRef = DA76267521A6A228009EBF8F /* Localizable.strings */; };
		DA76267A21A6A234009EBF8F /* Localizable.strings in Resources */ = {isa = PBXBuildFile; fileRef = DA76267821A6A234009EBF8F /* Localizable.strings */; };
		DA76267D21A6A3CD009EBF8F /* libMobile.a in Frameworks */ = {isa = PBXBuildFile; fileRef = DA76265A21A69D94009EBF8F /* libMobile.a */; };
		DA76268021A6A416009EBF8F /* libDesktop.a in Frameworks */ = {isa = PBXBuildFile; fileRef = DA76265B21A69D94009EBF8F /* libDesktop.a */; };
		DA8CDE0921B00ABB00CE4BE4 /* TextLayout.swift in Sources */ = {isa = PBXBuildFile; fileRef = DA8CDE0821B00ABB00CE4BE4 /* TextLayout.swift */; };
		DA9727C621ABE0CD00911162 /* DeleteView.swift in Sources */ = {isa = PBXBuildFile; fileRef = DA9727C521ABE0CD00911162 /* DeleteView.swift */; };
		DA9727C921ABE1AD00911162 /* String.swift in Sources */ = {isa = PBXBuildFile; fileRef = DA9727C821ABE1AD00911162 /* String.swift */; };
		DA9727CA21ABE1AD00911162 /* String.swift in Sources */ = {isa = PBXBuildFile; fileRef = DA9727C821ABE1AD00911162 /* String.swift */; };
		DAA6A98521AE83A2009D13B9 /* TextView.swift in Sources */ = {isa = PBXBuildFile; fileRef = DAA6A98421AE83A2009D13B9 /* TextView.swift */; };
		DAA7914921B72D670003C45B /* PreviewView.swift in Sources */ = {isa = PBXBuildFile; fileRef = DAA7914821B72D670003C45B /* PreviewView.swift */; };
		DABB090D21A8780E00A7DD41 /* Storage.swift in Sources */ = {isa = PBXBuildFile; fileRef = DABB090C21A8780E00A7DD41 /* Storage.swift */; };
		DACE75A021A7EA9D00B704C3 /* DocumentView.swift in Sources */ = {isa = PBXBuildFile; fileRef = DACE759F21A7EA9D00B704C3 /* DocumentView.swift */; };
		DACE75A221A82EE800B704C3 /* ItemView.swift in Sources */ = {isa = PBXBuildFile; fileRef = DACE75A121A82EE800B704C3 /* ItemView.swift */; };
		DACE75A421A8351C00B704C3 /* Presenter.swift in Sources */ = {isa = PBXBuildFile; fileRef = DACE75A321A8351C00B704C3 /* Presenter.swift */; };
		DACE75A721A83CD700B704C3 /* Repository.swift in Sources */ = {isa = PBXBuildFile; fileRef = DACE75A621A83CD700B704C3 /* Repository.swift */; };
		DACE75A821A83CD700B704C3 /* Repository.swift in Sources */ = {isa = PBXBuildFile; fileRef = DACE75A621A83CD700B704C3 /* Repository.swift */; };
		DACE75AC21A83D3700B704C3 /* Factory.swift in Sources */ = {isa = PBXBuildFile; fileRef = DACE75AB21A83D3700B704C3 /* Factory.swift */; };
		DACE75AD21A83D3700B704C3 /* Factory.swift in Sources */ = {isa = PBXBuildFile; fileRef = DACE75AB21A83D3700B704C3 /* Factory.swift */; };
		DACE75B121A83EEE00B704C3 /* Storage.swift in Sources */ = {isa = PBXBuildFile; fileRef = DACE75B021A83EEE00B704C3 /* Storage.swift */; };
		DACE75B221A83EEE00B704C3 /* Storage.swift in Sources */ = {isa = PBXBuildFile; fileRef = DACE75B021A83EEE00B704C3 /* Storage.swift */; };
		DACE75B621A852C100B704C3 /* Account.swift in Sources */ = {isa = PBXBuildFile; fileRef = DACE75B521A852C100B704C3 /* Account.swift */; };
		DACE75B721A852C100B704C3 /* Account.swift in Sources */ = {isa = PBXBuildFile; fileRef = DACE75B521A852C100B704C3 /* Account.swift */; };
		DACE75B921A856AB00B704C3 /* Exception.swift in Sources */ = {isa = PBXBuildFile; fileRef = DACE75B821A856AB00B704C3 /* Exception.swift */; };
		DACE75BA21A856AB00B704C3 /* Exception.swift in Sources */ = {isa = PBXBuildFile; fileRef = DACE75B821A856AB00B704C3 /* Exception.swift */; };
		DACE75BC21A85B6D00B704C3 /* Note.swift in Sources */ = {isa = PBXBuildFile; fileRef = DACE75BB21A85B6D00B704C3 /* Note.swift */; };
		DACE75BD21A85B6D00B704C3 /* Note.swift in Sources */ = {isa = PBXBuildFile; fileRef = DACE75BB21A85B6D00B704C3 /* Note.swift */; };
		DACE75C921A8666200B704C3 /* libDesktop.a in Frameworks */ = {isa = PBXBuildFile; fileRef = DA76265B21A69D94009EBF8F /* libDesktop.a */; };
		DACE75D521A866AE00B704C3 /* TestFactory.swift in Sources */ = {isa = PBXBuildFile; fileRef = DACE75D021A866AE00B704C3 /* TestFactory.swift */; };
		DACE75D621A866AE00B704C3 /* MockStorage.swift in Sources */ = {isa = PBXBuildFile; fileRef = DACE75D121A866AE00B704C3 /* MockStorage.swift */; };
		DACE75D721A866AE00B704C3 /* TestStorage.swift in Sources */ = {isa = PBXBuildFile; fileRef = DACE75D221A866AE00B704C3 /* TestStorage.swift */; };
		DACE75D821A866AE00B704C3 /* TestNote.swift in Sources */ = {isa = PBXBuildFile; fileRef = DACE75D321A866AE00B704C3 /* TestNote.swift */; };
		DACE75D921A866AE00B704C3 /* TestRepository.swift in Sources */ = {isa = PBXBuildFile; fileRef = DACE75D421A866AE00B704C3 /* TestRepository.swift */; };
/* End PBXBuildFile section */

/* Begin PBXContainerItemProxy section */
		DA76267E21A6A3E5009EBF8F /* PBXContainerItemProxy */ = {
			isa = PBXContainerItemProxy;
			containerPortal = DABA30D021A695FC0026BAB2 /* Project object */;
			proxyType = 1;
			remoteGlobalIDString = DABA30D921A6961C0026BAB2;
			remoteInfo = Mobile;
		};
		DA76268121A6A427009EBF8F /* PBXContainerItemProxy */ = {
			isa = PBXContainerItemProxy;
			containerPortal = DABA30D021A695FC0026BAB2 /* Project object */;
			proxyType = 1;
			remoteGlobalIDString = DABA30E521A6962A0026BAB2;
			remoteInfo = Desktop;
		};
		DACE75CA21A8666200B704C3 /* PBXContainerItemProxy */ = {
			isa = PBXContainerItemProxy;
			containerPortal = DABA30D021A695FC0026BAB2 /* Project object */;
			proxyType = 1;
			remoteGlobalIDString = DABA30E521A6962A0026BAB2;
			remoteInfo = Desktop;
		};
/* End PBXContainerItemProxy section */

/* Begin PBXCopyFilesBuildPhase section */
		DABA30D821A6961C0026BAB2 /* CopyFiles */ = {
			isa = PBXCopyFilesBuildPhase;
			buildActionMask = 2147483647;
			dstPath = "include/$(PRODUCT_NAME)";
			dstSubfolderSpec = 16;
			files = (
			);
			runOnlyForDeploymentPostprocessing = 0;
		};
/* End PBXCopyFilesBuildPhase section */

/* Begin PBXFileReference section */
		DA06AFB421B347E100F4F6E9 /* NSFont.swift */ = {isa = PBXFileReference; lastKnownFileType = sourcecode.swift; path = NSFont.swift; sourceTree = "<group>"; };
		DA06AFB621B44A5000F4F6E9 /* Markdown.swift */ = {isa = PBXFileReference; lastKnownFileType = sourcecode.swift; path = Markdown.swift; sourceTree = "<group>"; };
		DA06AFB921B44C0800F4F6E9 /* Trait.swift */ = {isa = PBXFileReference; lastKnownFileType = sourcecode.swift; path = Trait.swift; sourceTree = "<group>"; };
		DA06AFBC21B44EFE00F4F6E9 /* TestMarkdown.swift */ = {isa = PBXFileReference; lastKnownFileType = sourcecode.swift; path = TestMarkdown.swift; sourceTree = "<group>"; };
		DA1E532721A6B0A200A5A680 /* View.swift */ = {isa = PBXFileReference; lastKnownFileType = sourcecode.swift; path = View.swift; sourceTree = "<group>"; };
		DA1E532B21A6FDE800A5A680 /* Assets.xcassets */ = {isa = PBXFileReference; lastKnownFileType = folder.assetcatalog; path = Assets.xcassets; sourceTree = "<group>"; };
		DA1E532D21A704BD00A5A680 /* Window.swift */ = {isa = PBXFileReference; lastKnownFileType = sourcecode.swift; path = Window.swift; sourceTree = "<group>"; };
		DA43810D21AAAE4600BE7895 /* NSColor.swift */ = {isa = PBXFileReference; lastKnownFileType = sourcecode.swift; path = NSColor.swift; sourceTree = "<group>"; };
		DA5A584621AD385700093B38 /* SourceCodeVariable-Roman.ttf */ = {isa = PBXFileReference; lastKnownFileType = file; path = "SourceCodeVariable-Roman.ttf"; sourceTree = "<group>"; };
		DA738C5221A9B06D00E51D93 /* TestEditing.swift */ = {isa = PBXFileReference; lastKnownFileType = sourcecode.swift; path = TestEditing.swift; sourceTree = "<group>"; };
		DA76265A21A69D94009EBF8F /* libMobile.a */ = {isa = PBXFileReference; explicitFileType = archive.ar; includeInIndex = 0; path = libMobile.a; sourceTree = BUILT_PRODUCTS_DIR; };
		DA76265B21A69D94009EBF8F /* libDesktop.a */ = {isa = PBXFileReference; explicitFileType = archive.ar; includeInIndex = 0; path = libDesktop.a; sourceTree = BUILT_PRODUCTS_DIR; };
		DA76265C21A69D94009EBF8F /* Waverley.app */ = {isa = PBXFileReference; explicitFileType = wrapper.application; includeInIndex = 0; path = Waverley.app; sourceTree = BUILT_PRODUCTS_DIR; };
		DA76265D21A69D94009EBF8F /* Waverley.app */ = {isa = PBXFileReference; explicitFileType = wrapper.application; includeInIndex = 0; path = Waverley.app; sourceTree = BUILT_PRODUCTS_DIR; };
		DA76266021A6A195009EBF8F /* Application.swift */ = {isa = PBXFileReference; fileEncoding = 4; lastKnownFileType = sourcecode.swift; path = Application.swift; sourceTree = "<group>"; };
		DA76266421A6A1A8009EBF8F /* Main.storyboard */ = {isa = PBXFileReference; lastKnownFileType = file.storyboard; path = Main.storyboard; sourceTree = "<group>"; };
		DA76266621A6A1A8009EBF8F /* LaunchScreen.storyboard */ = {isa = PBXFileReference; lastKnownFileType = file.storyboard; path = LaunchScreen.storyboard; sourceTree = "<group>"; };
		DA76266A21A6A1D0009EBF8F /* Application.swift */ = {isa = PBXFileReference; fileEncoding = 4; lastKnownFileType = sourcecode.swift; path = Application.swift; sourceTree = "<group>"; };
		DA76267621A6A228009EBF8F /* en */ = {isa = PBXFileReference; lastKnownFileType = text.plist.strings; name = en; path = en.lproj/Localizable.strings; sourceTree = "<group>"; };
		DA76267921A6A234009EBF8F /* en */ = {isa = PBXFileReference; lastKnownFileType = text.plist.strings; name = en; path = en.lproj/Localizable.strings; sourceTree = "<group>"; };
		DA8CDE0821B00ABB00CE4BE4 /* TextLayout.swift */ = {isa = PBXFileReference; lastKnownFileType = sourcecode.swift; path = TextLayout.swift; sourceTree = "<group>"; };
		DA9727C521ABE0CD00911162 /* DeleteView.swift */ = {isa = PBXFileReference; lastKnownFileType = sourcecode.swift; path = DeleteView.swift; sourceTree = "<group>"; };
		DA9727C821ABE1AD00911162 /* String.swift */ = {isa = PBXFileReference; lastKnownFileType = sourcecode.swift; path = String.swift; sourceTree = "<group>"; };
		DA9727CE21AC227500911162 /* Mobile.plist */ = {isa = PBXFileReference; lastKnownFileType = text.plist.xml; path = Mobile.plist; sourceTree = "<group>"; };
		DA9727CF21AC227500911162 /* Desktop.plist */ = {isa = PBXFileReference; lastKnownFileType = text.plist.xml; path = Desktop.plist; sourceTree = "<group>"; };
		DA9727D021AC227500911162 /* Tests.plist */ = {isa = PBXFileReference; lastKnownFileType = text.plist.xml; path = Tests.plist; sourceTree = "<group>"; };
		DA9727D121AC227500911162 /* Desktop.entitlements */ = {isa = PBXFileReference; lastKnownFileType = text.plist.entitlements; path = Desktop.entitlements; sourceTree = "<group>"; };
		DAA6A98421AE83A2009D13B9 /* TextView.swift */ = {isa = PBXFileReference; lastKnownFileType = sourcecode.swift; path = TextView.swift; sourceTree = "<group>"; };
		DAA7914821B72D670003C45B /* PreviewView.swift */ = {isa = PBXFileReference; lastKnownFileType = sourcecode.swift; path = PreviewView.swift; sourceTree = "<group>"; };
		DABB090C21A8780E00A7DD41 /* Storage.swift */ = {isa = PBXFileReference; lastKnownFileType = sourcecode.swift; path = Storage.swift; sourceTree = "<group>"; };
		DACE759F21A7EA9D00B704C3 /* DocumentView.swift */ = {isa = PBXFileReference; lastKnownFileType = sourcecode.swift; path = DocumentView.swift; sourceTree = "<group>"; };
		DACE75A121A82EE800B704C3 /* ItemView.swift */ = {isa = PBXFileReference; lastKnownFileType = sourcecode.swift; path = ItemView.swift; sourceTree = "<group>"; };
		DACE75A321A8351C00B704C3 /* Presenter.swift */ = {isa = PBXFileReference; lastKnownFileType = sourcecode.swift; path = Presenter.swift; sourceTree = "<group>"; };
		DACE75A621A83CD700B704C3 /* Repository.swift */ = {isa = PBXFileReference; lastKnownFileType = sourcecode.swift; path = Repository.swift; sourceTree = "<group>"; };
		DACE75AB21A83D3700B704C3 /* Factory.swift */ = {isa = PBXFileReference; lastKnownFileType = sourcecode.swift; path = Factory.swift; sourceTree = "<group>"; };
		DACE75B021A83EEE00B704C3 /* Storage.swift */ = {isa = PBXFileReference; lastKnownFileType = sourcecode.swift; path = Storage.swift; sourceTree = "<group>"; };
		DACE75B521A852C100B704C3 /* Account.swift */ = {isa = PBXFileReference; lastKnownFileType = sourcecode.swift; path = Account.swift; sourceTree = "<group>"; };
		DACE75B821A856AB00B704C3 /* Exception.swift */ = {isa = PBXFileReference; lastKnownFileType = sourcecode.swift; path = Exception.swift; sourceTree = "<group>"; };
		DACE75BB21A85B6D00B704C3 /* Note.swift */ = {isa = PBXFileReference; lastKnownFileType = sourcecode.swift; path = Note.swift; sourceTree = "<group>"; };
		DACE75C421A8666200B704C3 /* Tests.xctest */ = {isa = PBXFileReference; explicitFileType = wrapper.cfbundle; includeInIndex = 0; path = Tests.xctest; sourceTree = BUILT_PRODUCTS_DIR; };
		DACE75C621A8666200B704C3 /* Tests.swift */ = {isa = PBXFileReference; lastKnownFileType = sourcecode.swift; path = Tests.swift; sourceTree = "<group>"; };
		DACE75C821A8666200B704C3 /* Info.plist */ = {isa = PBXFileReference; lastKnownFileType = text.plist.xml; path = Info.plist; sourceTree = "<group>"; };
		DACE75D021A866AE00B704C3 /* TestFactory.swift */ = {isa = PBXFileReference; fileEncoding = 4; lastKnownFileType = sourcecode.swift; path = TestFactory.swift; sourceTree = "<group>"; };
		DACE75D121A866AE00B704C3 /* MockStorage.swift */ = {isa = PBXFileReference; fileEncoding = 4; lastKnownFileType = sourcecode.swift; path = MockStorage.swift; sourceTree = "<group>"; };
		DACE75D221A866AE00B704C3 /* TestStorage.swift */ = {isa = PBXFileReference; fileEncoding = 4; lastKnownFileType = sourcecode.swift; path = TestStorage.swift; sourceTree = "<group>"; };
		DACE75D321A866AE00B704C3 /* TestNote.swift */ = {isa = PBXFileReference; fileEncoding = 4; lastKnownFileType = sourcecode.swift; path = TestNote.swift; sourceTree = "<group>"; };
		DACE75D421A866AE00B704C3 /* TestRepository.swift */ = {isa = PBXFileReference; fileEncoding = 4; lastKnownFileType = sourcecode.swift; path = TestRepository.swift; sourceTree = "<group>"; };
/* End PBXFileReference section */

/* Begin PBXFrameworksBuildPhase section */
		DABA30D721A6961C0026BAB2 /* Frameworks */ = {
			isa = PBXFrameworksBuildPhase;
			buildActionMask = 2147483647;
			files = (
			);
			runOnlyForDeploymentPostprocessing = 0;
		};
		DABA30E421A6962A0026BAB2 /* Frameworks */ = {
			isa = PBXFrameworksBuildPhase;
			buildActionMask = 2147483647;
			files = (
			);
			runOnlyForDeploymentPostprocessing = 0;
		};
		DABA30FF21A696B40026BAB2 /* Frameworks */ = {
			isa = PBXFrameworksBuildPhase;
			buildActionMask = 2147483647;
			files = (
				DA76267D21A6A3CD009EBF8F /* libMobile.a in Frameworks */,
			);
			runOnlyForDeploymentPostprocessing = 0;
		};
		DABA311521A696D00026BAB2 /* Frameworks */ = {
			isa = PBXFrameworksBuildPhase;
			buildActionMask = 2147483647;
			files = (
				DA76268021A6A416009EBF8F /* libDesktop.a in Frameworks */,
			);
			runOnlyForDeploymentPostprocessing = 0;
		};
		DACE75C121A8666200B704C3 /* Frameworks */ = {
			isa = PBXFrameworksBuildPhase;
			buildActionMask = 2147483647;
			files = (
				DACE75C921A8666200B704C3 /* libDesktop.a in Frameworks */,
			);
			runOnlyForDeploymentPostprocessing = 0;
		};
/* End PBXFrameworksBuildPhase section */

/* Begin PBXGroup section */
		DA5A584321AD385700093B38 /* Fonts */ = {
			isa = PBXGroup;
			children = (
				DA5A584621AD385700093B38 /* SourceCodeVariable-Roman.ttf */,
			);
			path = Fonts;
			sourceTree = "<group>";
		};
		DA76265F21A6A195009EBF8F /* MobileUI */ = {
			isa = PBXGroup;
			children = (
				DA76266021A6A195009EBF8F /* Application.swift */,
			);
			path = MobileUI;
			sourceTree = "<group>";
		};
		DA76266221A6A1A8009EBF8F /* Resources */ = {
			isa = PBXGroup;
			children = (
				DA5A584321AD385700093B38 /* Fonts */,
				DA76266321A6A1A8009EBF8F /* Desktop */,
				DA76266521A6A1A8009EBF8F /* Mobile */,
			);
			path = Resources;
			sourceTree = "<group>";
		};
		DA76266321A6A1A8009EBF8F /* Desktop */ = {
			isa = PBXGroup;
			children = (
				DA76267521A6A228009EBF8F /* Localizable.strings */,
				DA76266421A6A1A8009EBF8F /* Main.storyboard */,
				DA1E532B21A6FDE800A5A680 /* Assets.xcassets */,
			);
			path = Desktop;
			sourceTree = "<group>";
		};
		DA76266521A6A1A8009EBF8F /* Mobile */ = {
			isa = PBXGroup;
			children = (
				DA76267821A6A234009EBF8F /* Localizable.strings */,
				DA76266621A6A1A8009EBF8F /* LaunchScreen.storyboard */,
			);
			path = Mobile;
			sourceTree = "<group>";
		};
		DA76266921A6A1D0009EBF8F /* DesktopUI */ = {
			isa = PBXGroup;
			children = (
				DA76266A21A6A1D0009EBF8F /* Application.swift */,
				DA1E532D21A704BD00A5A680 /* Window.swift */,
				DACE75A321A8351C00B704C3 /* Presenter.swift */,
				DA1E532721A6B0A200A5A680 /* View.swift */,
				DAA6A98421AE83A2009D13B9 /* TextView.swift */,
				DA8CDE0821B00ABB00CE4BE4 /* TextLayout.swift */,
				DA9727C521ABE0CD00911162 /* DeleteView.swift */,
				DACE759F21A7EA9D00B704C3 /* DocumentView.swift */,
				DACE75A121A82EE800B704C3 /* ItemView.swift */,
				DAA7914821B72D670003C45B /* PreviewView.swift */,
				DABB090C21A8780E00A7DD41 /* Storage.swift */,
				DA43810D21AAAE4600BE7895 /* NSColor.swift */,
				DA06AFB421B347E100F4F6E9 /* NSFont.swift */,
			);
			path = DesktopUI;
			sourceTree = "<group>";
		};
		DA76267B21A6A37D009EBF8F /* Frameworks */ = {
			isa = PBXGroup;
			children = (
			);
			name = Frameworks;
			sourceTree = "<group>";
		};
		DA9727C721ABE19F00911162 /* SharedUI */ = {
			isa = PBXGroup;
			children = (
				DA9727C821ABE1AD00911162 /* String.swift */,
			);
			path = SharedUI;
			sourceTree = "<group>";
		};
		DA9727CD21AC227500911162 /* Configuration */ = {
			isa = PBXGroup;
			children = (
				DA9727CE21AC227500911162 /* Mobile.plist */,
				DA9727CF21AC227500911162 /* Desktop.plist */,
				DA9727D021AC227500911162 /* Tests.plist */,
				DA9727D121AC227500911162 /* Desktop.entitlements */,
			);
			path = Configuration;
			sourceTree = "<group>";
		};
		DABA30CF21A695FC0026BAB2 = {
			isa = PBXGroup;
			children = (
				DACE75A521A837A500B704C3 /* Library */,
				DACE75CF21A866AE00B704C3 /* Tests */,
				DA76266921A6A1D0009EBF8F /* DesktopUI */,
				DA76265F21A6A195009EBF8F /* MobileUI */,
				DA9727C721ABE19F00911162 /* SharedUI */,
				DA76266221A6A1A8009EBF8F /* Resources */,
				DACE75C521A8666200B704C3 /* Tests */,
				DA76267B21A6A37D009EBF8F /* Frameworks */,
				DA9727CD21AC227500911162 /* Configuration */,
				DA76265A21A69D94009EBF8F /* libMobile.a */,
				DA76265B21A69D94009EBF8F /* libDesktop.a */,
				DA76265C21A69D94009EBF8F /* Waverley.app */,
				DA76265D21A69D94009EBF8F /* Waverley.app */,
				DACE75C421A8666200B704C3 /* Tests.xctest */,
			);
			sourceTree = "<group>";
		};
		DACE75A521A837A500B704C3 /* Library */ = {
			isa = PBXGroup;
			children = (
				DACE75A621A83CD700B704C3 /* Repository.swift */,
				DACE75AB21A83D3700B704C3 /* Factory.swift */,
				DACE75B021A83EEE00B704C3 /* Storage.swift */,
				DACE75B521A852C100B704C3 /* Account.swift */,
				DACE75BB21A85B6D00B704C3 /* Note.swift */,
				DACE75B821A856AB00B704C3 /* Exception.swift */,
				DA06AFB621B44A5000F4F6E9 /* Markdown.swift */,
				DA06AFB921B44C0800F4F6E9 /* Trait.swift */,
			);
			path = Library;
			sourceTree = "<group>";
		};
		DACE75C521A8666200B704C3 /* Tests */ = {
			isa = PBXGroup;
			children = (
				DACE75C621A8666200B704C3 /* Tests.swift */,
				DACE75C821A8666200B704C3 /* Info.plist */,
			);
			path = Tests;
			sourceTree = "<group>";
		};
		DACE75CF21A866AE00B704C3 /* Tests */ = {
			isa = PBXGroup;
			children = (
				DACE75D021A866AE00B704C3 /* TestFactory.swift */,
				DACE75D221A866AE00B704C3 /* TestStorage.swift */,
				DACE75D321A866AE00B704C3 /* TestNote.swift */,
				DACE75D421A866AE00B704C3 /* TestRepository.swift */,
				DA738C5221A9B06D00E51D93 /* TestEditing.swift */,
				DA06AFBC21B44EFE00F4F6E9 /* TestMarkdown.swift */,
				DACE75D121A866AE00B704C3 /* MockStorage.swift */,
			);
			path = Tests;
			sourceTree = "<group>";
		};
/* End PBXGroup section */

/* Begin PBXHeadersBuildPhase section */
		DABA30E221A6962A0026BAB2 /* Headers */ = {
			isa = PBXHeadersBuildPhase;
			buildActionMask = 2147483647;
			files = (
			);
			runOnlyForDeploymentPostprocessing = 0;
		};
/* End PBXHeadersBuildPhase section */

/* Begin PBXNativeTarget section */
		DABA30D921A6961C0026BAB2 /* Mobile */ = {
			isa = PBXNativeTarget;
			buildConfigurationList = DABA30DF21A6961C0026BAB2 /* Build configuration list for PBXNativeTarget "Mobile" */;
			buildPhases = (
				DABA30D621A6961C0026BAB2 /* Sources */,
				DABA30D721A6961C0026BAB2 /* Frameworks */,
				DABA30D821A6961C0026BAB2 /* CopyFiles */,
			);
			buildRules = (
			);
			dependencies = (
			);
			name = Mobile;
			productName = Mobile;
			productReference = DA76265A21A69D94009EBF8F /* libMobile.a */;
			productType = "com.apple.product-type.library.static";
		};
		DABA30E521A6962A0026BAB2 /* Desktop */ = {
			isa = PBXNativeTarget;
			buildConfigurationList = DABA30EC21A6962A0026BAB2 /* Build configuration list for PBXNativeTarget "Desktop" */;
			buildPhases = (
				DABA30E221A6962A0026BAB2 /* Headers */,
				DABA30E321A6962A0026BAB2 /* Sources */,
				DABA30E421A6962A0026BAB2 /* Frameworks */,
			);
			buildRules = (
			);
			dependencies = (
			);
			name = Desktop;
			productName = Desktop;
			productReference = DA76265B21A69D94009EBF8F /* libDesktop.a */;
			productType = "com.apple.product-type.library.static";
		};
		DABA310121A696B40026BAB2 /* MobileUI */ = {
			isa = PBXNativeTarget;
			buildConfigurationList = DABA311121A696B50026BAB2 /* Build configuration list for PBXNativeTarget "MobileUI" */;
			buildPhases = (
				DABA30FE21A696B40026BAB2 /* Sources */,
				DABA30FF21A696B40026BAB2 /* Frameworks */,
				DABA310021A696B40026BAB2 /* Resources */,
			);
			buildRules = (
			);
			dependencies = (
				DA76267F21A6A3E5009EBF8F /* PBXTargetDependency */,
			);
			name = MobileUI;
			productName = MobileUI;
			productReference = DA76265C21A69D94009EBF8F /* Waverley.app */;
			productType = "com.apple.product-type.application";
		};
		DABA311721A696D00026BAB2 /* DesktopUI */ = {
			isa = PBXNativeTarget;
			buildConfigurationList = DABA312521A696D00026BAB2 /* Build configuration list for PBXNativeTarget "DesktopUI" */;
			buildPhases = (
				DABA311421A696D00026BAB2 /* Sources */,
				DABA311521A696D00026BAB2 /* Frameworks */,
				DABA311621A696D00026BAB2 /* Resources */,
			);
			buildRules = (
			);
			dependencies = (
				DA76268221A6A427009EBF8F /* PBXTargetDependency */,
			);
			name = DesktopUI;
			productName = DesktopUI;
			productReference = DA76265D21A69D94009EBF8F /* Waverley.app */;
			productType = "com.apple.product-type.application";
		};
		DACE75C321A8666200B704C3 /* Tests */ = {
			isa = PBXNativeTarget;
			buildConfigurationList = DACE75CC21A8666200B704C3 /* Build configuration list for PBXNativeTarget "Tests" */;
			buildPhases = (
				DACE75C021A8666200B704C3 /* Sources */,
				DACE75C121A8666200B704C3 /* Frameworks */,
				DACE75C221A8666200B704C3 /* Resources */,
			);
			buildRules = (
			);
			dependencies = (
				DACE75CB21A8666200B704C3 /* PBXTargetDependency */,
			);
			name = Tests;
			productName = Tests;
			productReference = DACE75C421A8666200B704C3 /* Tests.xctest */;
			productType = "com.apple.product-type.bundle.unit-test";
		};
/* End PBXNativeTarget section */

/* Begin PBXProject section */
		DABA30D021A695FC0026BAB2 /* Project object */ = {
			isa = PBXProject;
			attributes = {
				LastSwiftUpdateCheck = 1010;
				LastUpgradeCheck = 1010;
				TargetAttributes = {
					DABA30D921A6961C0026BAB2 = {
						CreatedOnToolsVersion = 10.1;
					};
					DABA30E521A6962A0026BAB2 = {
						CreatedOnToolsVersion = 10.1;
					};
					DABA310121A696B40026BAB2 = {
						CreatedOnToolsVersion = 10.1;
					};
					DABA311721A696D00026BAB2 = {
						CreatedOnToolsVersion = 10.1;
						SystemCapabilities = {
							com.apple.Sandbox = {
								enabled = 1;
							};
						};
					};
					DACE75C321A8666200B704C3 = {
						CreatedOnToolsVersion = 10.1;
					};
				};
			};
			buildConfigurationList = DABA30D321A695FC0026BAB2 /* Build configuration list for PBXProject "Waverley" */;
			compatibilityVersion = "Xcode 9.3";
			developmentRegion = en;
			hasScannedForEncodings = 0;
			knownRegions = (
				en,
			);
			mainGroup = DABA30CF21A695FC0026BAB2;
			productRefGroup = DABA30CF21A695FC0026BAB2;
			projectDirPath = "";
			projectRoot = "";
			targets = (
				DABA30D921A6961C0026BAB2 /* Mobile */,
				DABA30E521A6962A0026BAB2 /* Desktop */,
				DACE75C321A8666200B704C3 /* Tests */,
				DABA310121A696B40026BAB2 /* MobileUI */,
				DABA311721A696D00026BAB2 /* DesktopUI */,
			);
		};
/* End PBXProject section */

/* Begin PBXResourcesBuildPhase section */
		DABA310021A696B40026BAB2 /* Resources */ = {
			isa = PBXResourcesBuildPhase;
			buildActionMask = 2147483647;
			files = (
				DA5A584C21AD385700093B38 /* SourceCodeVariable-Roman.ttf in Resources */,
				DA76266821A6A1B9009EBF8F /* LaunchScreen.storyboard in Resources */,
				DA76267A21A6A234009EBF8F /* Localizable.strings in Resources */,
			);
			runOnlyForDeploymentPostprocessing = 0;
		};
		DABA311621A696D00026BAB2 /* Resources */ = {
			isa = PBXResourcesBuildPhase;
			buildActionMask = 2147483647;
			files = (
				DA76266721A6A1B4009EBF8F /* Main.storyboard in Resources */,
				DA5A584D21AD385700093B38 /* SourceCodeVariable-Roman.ttf in Resources */,
				DA1E532C21A6FDE800A5A680 /* Assets.xcassets in Resources */,
				DA76267721A6A228009EBF8F /* Localizable.strings in Resources */,
			);
			runOnlyForDeploymentPostprocessing = 0;
		};
		DACE75C221A8666200B704C3 /* Resources */ = {
			isa = PBXResourcesBuildPhase;
			buildActionMask = 2147483647;
			files = (
			);
			runOnlyForDeploymentPostprocessing = 0;
		};
/* End PBXResourcesBuildPhase section */

/* Begin PBXSourcesBuildPhase section */
		DABA30D621A6961C0026BAB2 /* Sources */ = {
			isa = PBXSourcesBuildPhase;
			buildActionMask = 2147483647;
			files = (
				DACE75AC21A83D3700B704C3 /* Factory.swift in Sources */,
				DACE75B921A856AB00B704C3 /* Exception.swift in Sources */,
				DA06AFBA21B44C0800F4F6E9 /* Trait.swift in Sources */,
				DA06AFB721B44A5000F4F6E9 /* Markdown.swift in Sources */,
				DACE75B621A852C100B704C3 /* Account.swift in Sources */,
				DACE75A721A83CD700B704C3 /* Repository.swift in Sources */,
				DACE75B121A83EEE00B704C3 /* Storage.swift in Sources */,
				DACE75BC21A85B6D00B704C3 /* Note.swift in Sources */,
			);
			runOnlyForDeploymentPostprocessing = 0;
		};
		DABA30E321A6962A0026BAB2 /* Sources */ = {
			isa = PBXSourcesBuildPhase;
			buildActionMask = 2147483647;
			files = (
				DACE75AD21A83D3700B704C3 /* Factory.swift in Sources */,
				DACE75BA21A856AB00B704C3 /* Exception.swift in Sources */,
				DA06AFBB21B44C0800F4F6E9 /* Trait.swift in Sources */,
				DA06AFB821B44A5000F4F6E9 /* Markdown.swift in Sources */,
				DACE75B721A852C100B704C3 /* Account.swift in Sources */,
				DACE75A821A83CD700B704C3 /* Repository.swift in Sources */,
				DACE75B221A83EEE00B704C3 /* Storage.swift in Sources */,
				DACE75BD21A85B6D00B704C3 /* Note.swift in Sources */,
			);
			runOnlyForDeploymentPostprocessing = 0;
		};
		DABA30FE21A696B40026BAB2 /* Sources */ = {
			isa = PBXSourcesBuildPhase;
			buildActionMask = 2147483647;
			files = (
				DA9727C921ABE1AD00911162 /* String.swift in Sources */,
				DA76266121A6A195009EBF8F /* Application.swift in Sources */,
			);
			runOnlyForDeploymentPostprocessing = 0;
		};
		DABA311421A696D00026BAB2 /* Sources */ = {
			isa = PBXSourcesBuildPhase;
			buildActionMask = 2147483647;
			files = (
				DA8CDE0921B00ABB00CE4BE4 /* TextLayout.swift in Sources */,
				DA9727C621ABE0CD00911162 /* DeleteView.swift in Sources */,
				DA1E532821A6B0A200A5A680 /* View.swift in Sources */,
				DA9727CA21ABE1AD00911162 /* String.swift in Sources */,
				DAA6A98521AE83A2009D13B9 /* TextView.swift in Sources */,
				DAA7914921B72D670003C45B /* PreviewView.swift in Sources */,
				DACE75A421A8351C00B704C3 /* Presenter.swift in Sources */,
				DA76266B21A6A1D0009EBF8F /* Application.swift in Sources */,
				DA43810E21AAAE4600BE7895 /* NSColor.swift in Sources */,
				DACE75A221A82EE800B704C3 /* ItemView.swift in Sources */,
				DABB090D21A8780E00A7DD41 /* Storage.swift in Sources */,
				DA1E532E21A704BD00A5A680 /* Window.swift in Sources */,
				DACE75A021A7EA9D00B704C3 /* DocumentView.swift in Sources */,
				DA06AFB521B347E100F4F6E9 /* NSFont.swift in Sources */,
			);
			runOnlyForDeploymentPostprocessing = 0;
		};
		DACE75C021A8666200B704C3 /* Sources */ = {
			isa = PBXSourcesBuildPhase;
			buildActionMask = 2147483647;
			files = (
				DA738C5321A9B06D00E51D93 /* TestEditing.swift in Sources */,
				DACE75D621A866AE00B704C3 /* MockStorage.swift in Sources */,
				DACE75D721A866AE00B704C3 /* TestStorage.swift in Sources */,
				DACE75D521A866AE00B704C3 /* TestFactory.swift in Sources */,
				DACE75D821A866AE00B704C3 /* TestNote.swift in Sources */,
				DACE75D921A866AE00B704C3 /* TestRepository.swift in Sources */,
				DA06AFBD21B44EFE00F4F6E9 /* TestMarkdown.swift in Sources */,
			);
			runOnlyForDeploymentPostprocessing = 0;
		};
/* End PBXSourcesBuildPhase section */

/* Begin PBXTargetDependency section */
		DA76267F21A6A3E5009EBF8F /* PBXTargetDependency */ = {
			isa = PBXTargetDependency;
			target = DABA30D921A6961C0026BAB2 /* Mobile */;
			targetProxy = DA76267E21A6A3E5009EBF8F /* PBXContainerItemProxy */;
		};
		DA76268221A6A427009EBF8F /* PBXTargetDependency */ = {
			isa = PBXTargetDependency;
			target = DABA30E521A6962A0026BAB2 /* Desktop */;
			targetProxy = DA76268121A6A427009EBF8F /* PBXContainerItemProxy */;
		};
		DACE75CB21A8666200B704C3 /* PBXTargetDependency */ = {
			isa = PBXTargetDependency;
			target = DABA30E521A6962A0026BAB2 /* Desktop */;
			targetProxy = DACE75CA21A8666200B704C3 /* PBXContainerItemProxy */;
		};
/* End PBXTargetDependency section */

/* Begin PBXVariantGroup section */
		DA76267521A6A228009EBF8F /* Localizable.strings */ = {
			isa = PBXVariantGroup;
			children = (
				DA76267621A6A228009EBF8F /* en */,
			);
			name = Localizable.strings;
			sourceTree = "<group>";
		};
		DA76267821A6A234009EBF8F /* Localizable.strings */ = {
			isa = PBXVariantGroup;
			children = (
				DA76267921A6A234009EBF8F /* en */,
			);
			name = Localizable.strings;
			sourceTree = "<group>";
		};
/* End PBXVariantGroup section */

/* Begin XCBuildConfiguration section */
		DABA30D421A695FC0026BAB2 /* Debug */ = {
			isa = XCBuildConfiguration;
			buildSettings = {
				DEBUG_INFORMATION_FORMAT = dwarf;
				ENABLE_BITCODE = YES;
				IPHONEOS_DEPLOYMENT_TARGET = 9.0;
				MACOSX_DEPLOYMENT_TARGET = 10.14;
				SWIFT_INSTALL_OBJC_HEADER = NO;
				SWIFT_VERSION = 4.2;
			};
			name = Debug;
		};
		DABA30D521A695FC0026BAB2 /* Release */ = {
			isa = XCBuildConfiguration;
			buildSettings = {
				DEBUG_INFORMATION_FORMAT = dwarf;
				ENABLE_BITCODE = YES;
				IPHONEOS_DEPLOYMENT_TARGET = 9.0;
				MACOSX_DEPLOYMENT_TARGET = 10.14;
				SWIFT_INSTALL_OBJC_HEADER = NO;
				SWIFT_VERSION = 4.2;
			};
			name = Release;
		};
		DABA30E021A6961C0026BAB2 /* Debug */ = {
			isa = XCBuildConfiguration;
			buildSettings = {
				ALWAYS_SEARCH_USER_PATHS = NO;
				CLANG_ANALYZER_NONNULL = YES;
				CLANG_ANALYZER_NUMBER_OBJECT_CONVERSION = YES_AGGRESSIVE;
				CLANG_CXX_LANGUAGE_STANDARD = "gnu++14";
				CLANG_CXX_LIBRARY = "libc++";
				CLANG_ENABLE_OBJC_ARC = YES;
				CLANG_ENABLE_OBJC_WEAK = YES;
				CLANG_WARN_BLOCK_CAPTURE_AUTORELEASING = YES;
				CLANG_WARN_BOOL_CONVERSION = YES;
				CLANG_WARN_COMMA = YES;
				CLANG_WARN_CONSTANT_CONVERSION = YES;
				CLANG_WARN_DEPRECATED_OBJC_IMPLEMENTATIONS = YES;
				CLANG_WARN_DIRECT_OBJC_ISA_USAGE = YES_ERROR;
				CLANG_WARN_DOCUMENTATION_COMMENTS = YES;
				CLANG_WARN_EMPTY_BODY = YES;
				CLANG_WARN_ENUM_CONVERSION = YES;
				CLANG_WARN_INFINITE_RECURSION = YES;
				CLANG_WARN_INT_CONVERSION = YES;
				CLANG_WARN_NON_LITERAL_NULL_CONVERSION = YES;
				CLANG_WARN_OBJC_IMPLICIT_RETAIN_SELF = YES;
				CLANG_WARN_OBJC_LITERAL_CONVERSION = YES;
				CLANG_WARN_OBJC_ROOT_CLASS = YES_ERROR;
				CLANG_WARN_RANGE_LOOP_ANALYSIS = YES;
				CLANG_WARN_STRICT_PROTOTYPES = YES;
				CLANG_WARN_SUSPICIOUS_MOVE = YES;
				CLANG_WARN_UNGUARDED_AVAILABILITY = YES_AGGRESSIVE;
				CLANG_WARN_UNREACHABLE_CODE = YES;
				CLANG_WARN__DUPLICATE_METHOD_MATCH = YES;
				CODE_SIGN_IDENTITY = "iPhone Developer";
				CODE_SIGN_STYLE = Automatic;
				COPY_PHASE_STRIP = NO;
				DEVELOPMENT_TEAM = 7AMWG3RLHN;
				ENABLE_STRICT_OBJC_MSGSEND = YES;
				ENABLE_TESTABILITY = YES;
				GCC_C_LANGUAGE_STANDARD = gnu11;
				GCC_DYNAMIC_NO_PIC = NO;
				GCC_NO_COMMON_BLOCKS = YES;
				GCC_OPTIMIZATION_LEVEL = 0;
				GCC_PREPROCESSOR_DEFINITIONS = (
					"DEBUG=1",
					"$(inherited)",
				);
				GCC_WARN_64_TO_32_BIT_CONVERSION = YES;
				GCC_WARN_ABOUT_RETURN_TYPE = YES_ERROR;
				GCC_WARN_UNDECLARED_SELECTOR = YES;
				GCC_WARN_UNINITIALIZED_AUTOS = YES_AGGRESSIVE;
				GCC_WARN_UNUSED_FUNCTION = YES;
				GCC_WARN_UNUSED_VARIABLE = YES;
				IPHONEOS_DEPLOYMENT_TARGET = 12.1;
				MTL_ENABLE_DEBUG_INFO = INCLUDE_SOURCE;
				MTL_FAST_MATH = YES;
				ONLY_ACTIVE_ARCH = YES;
				OTHER_LDFLAGS = "-ObjC";
				PRODUCT_NAME = "$(TARGET_NAME)";
				SDKROOT = iphoneos;
				SKIP_INSTALL = YES;
				SWIFT_ACTIVE_COMPILATION_CONDITIONS = DEBUG;
				SWIFT_OPTIMIZATION_LEVEL = "-Onone";
				TARGETED_DEVICE_FAMILY = "1,2";
			};
			name = Debug;
		};
		DABA30E121A6961C0026BAB2 /* Release */ = {
			isa = XCBuildConfiguration;
			buildSettings = {
				ALWAYS_SEARCH_USER_PATHS = NO;
				CLANG_ANALYZER_NONNULL = YES;
				CLANG_ANALYZER_NUMBER_OBJECT_CONVERSION = YES_AGGRESSIVE;
				CLANG_CXX_LANGUAGE_STANDARD = "gnu++14";
				CLANG_CXX_LIBRARY = "libc++";
				CLANG_ENABLE_OBJC_ARC = YES;
				CLANG_ENABLE_OBJC_WEAK = YES;
				CLANG_WARN_BLOCK_CAPTURE_AUTORELEASING = YES;
				CLANG_WARN_BOOL_CONVERSION = YES;
				CLANG_WARN_COMMA = YES;
				CLANG_WARN_CONSTANT_CONVERSION = YES;
				CLANG_WARN_DEPRECATED_OBJC_IMPLEMENTATIONS = YES;
				CLANG_WARN_DIRECT_OBJC_ISA_USAGE = YES_ERROR;
				CLANG_WARN_DOCUMENTATION_COMMENTS = YES;
				CLANG_WARN_EMPTY_BODY = YES;
				CLANG_WARN_ENUM_CONVERSION = YES;
				CLANG_WARN_INFINITE_RECURSION = YES;
				CLANG_WARN_INT_CONVERSION = YES;
				CLANG_WARN_NON_LITERAL_NULL_CONVERSION = YES;
				CLANG_WARN_OBJC_IMPLICIT_RETAIN_SELF = YES;
				CLANG_WARN_OBJC_LITERAL_CONVERSION = YES;
				CLANG_WARN_OBJC_ROOT_CLASS = YES_ERROR;
				CLANG_WARN_RANGE_LOOP_ANALYSIS = YES;
				CLANG_WARN_STRICT_PROTOTYPES = YES;
				CLANG_WARN_SUSPICIOUS_MOVE = YES;
				CLANG_WARN_UNGUARDED_AVAILABILITY = YES_AGGRESSIVE;
				CLANG_WARN_UNREACHABLE_CODE = YES;
				CLANG_WARN__DUPLICATE_METHOD_MATCH = YES;
				CODE_SIGN_IDENTITY = "iPhone Developer";
				CODE_SIGN_STYLE = Automatic;
				COPY_PHASE_STRIP = NO;
				DEVELOPMENT_TEAM = 7AMWG3RLHN;
				ENABLE_NS_ASSERTIONS = NO;
				ENABLE_STRICT_OBJC_MSGSEND = YES;
				GCC_C_LANGUAGE_STANDARD = gnu11;
				GCC_NO_COMMON_BLOCKS = YES;
				GCC_WARN_64_TO_32_BIT_CONVERSION = YES;
				GCC_WARN_ABOUT_RETURN_TYPE = YES_ERROR;
				GCC_WARN_UNDECLARED_SELECTOR = YES;
				GCC_WARN_UNINITIALIZED_AUTOS = YES_AGGRESSIVE;
				GCC_WARN_UNUSED_FUNCTION = YES;
				GCC_WARN_UNUSED_VARIABLE = YES;
				IPHONEOS_DEPLOYMENT_TARGET = 12.1;
				MTL_ENABLE_DEBUG_INFO = NO;
				MTL_FAST_MATH = YES;
				OTHER_LDFLAGS = "-ObjC";
				PRODUCT_NAME = "$(TARGET_NAME)";
				SDKROOT = iphoneos;
				SKIP_INSTALL = YES;
				SWIFT_COMPILATION_MODE = wholemodule;
				SWIFT_OPTIMIZATION_LEVEL = "-O";
				TARGETED_DEVICE_FAMILY = "1,2";
				VALIDATE_PRODUCT = YES;
			};
			name = Release;
		};
		DABA30ED21A6962A0026BAB2 /* Debug */ = {
			isa = XCBuildConfiguration;
			buildSettings = {
				ALWAYS_SEARCH_USER_PATHS = NO;
				CLANG_ANALYZER_NONNULL = YES;
				CLANG_ANALYZER_NUMBER_OBJECT_CONVERSION = YES_AGGRESSIVE;
				CLANG_CXX_LANGUAGE_STANDARD = "gnu++14";
				CLANG_CXX_LIBRARY = "libc++";
				CLANG_ENABLE_OBJC_ARC = YES;
				CLANG_ENABLE_OBJC_WEAK = YES;
				CLANG_WARN_BLOCK_CAPTURE_AUTORELEASING = YES;
				CLANG_WARN_BOOL_CONVERSION = YES;
				CLANG_WARN_COMMA = YES;
				CLANG_WARN_CONSTANT_CONVERSION = YES;
				CLANG_WARN_DEPRECATED_OBJC_IMPLEMENTATIONS = YES;
				CLANG_WARN_DIRECT_OBJC_ISA_USAGE = YES_ERROR;
				CLANG_WARN_DOCUMENTATION_COMMENTS = YES;
				CLANG_WARN_EMPTY_BODY = YES;
				CLANG_WARN_ENUM_CONVERSION = YES;
				CLANG_WARN_INFINITE_RECURSION = YES;
				CLANG_WARN_INT_CONVERSION = YES;
				CLANG_WARN_NON_LITERAL_NULL_CONVERSION = YES;
				CLANG_WARN_OBJC_IMPLICIT_RETAIN_SELF = YES;
				CLANG_WARN_OBJC_LITERAL_CONVERSION = YES;
				CLANG_WARN_OBJC_ROOT_CLASS = YES_ERROR;
				CLANG_WARN_RANGE_LOOP_ANALYSIS = YES;
				CLANG_WARN_STRICT_PROTOTYPES = YES;
				CLANG_WARN_SUSPICIOUS_MOVE = YES;
				CLANG_WARN_UNGUARDED_AVAILABILITY = YES_AGGRESSIVE;
				CLANG_WARN_UNREACHABLE_CODE = YES;
				CLANG_WARN__DUPLICATE_METHOD_MATCH = YES;
				CODE_SIGN_IDENTITY = "Mac Developer";
				CODE_SIGN_STYLE = Automatic;
				COPY_PHASE_STRIP = NO;
				DEVELOPMENT_TEAM = 7AMWG3RLHN;
				ENABLE_STRICT_OBJC_MSGSEND = YES;
				ENABLE_TESTABILITY = YES;
				EXECUTABLE_PREFIX = lib;
				GCC_C_LANGUAGE_STANDARD = gnu11;
				GCC_DYNAMIC_NO_PIC = NO;
				GCC_NO_COMMON_BLOCKS = YES;
				GCC_OPTIMIZATION_LEVEL = 0;
				GCC_PREPROCESSOR_DEFINITIONS = (
					"DEBUG=1",
					"$(inherited)",
				);
				GCC_WARN_64_TO_32_BIT_CONVERSION = YES;
				GCC_WARN_ABOUT_RETURN_TYPE = YES_ERROR;
				GCC_WARN_UNDECLARED_SELECTOR = YES;
				GCC_WARN_UNINITIALIZED_AUTOS = YES_AGGRESSIVE;
				GCC_WARN_UNUSED_FUNCTION = YES;
				GCC_WARN_UNUSED_VARIABLE = YES;
				MACOSX_DEPLOYMENT_TARGET = 10.14;
				MTL_ENABLE_DEBUG_INFO = INCLUDE_SOURCE;
				MTL_FAST_MATH = YES;
				ONLY_ACTIVE_ARCH = YES;
				PRODUCT_NAME = "$(TARGET_NAME)";
				SDKROOT = macosx;
				SKIP_INSTALL = YES;
			};
			name = Debug;
		};
		DABA30EE21A6962A0026BAB2 /* Release */ = {
			isa = XCBuildConfiguration;
			buildSettings = {
				ALWAYS_SEARCH_USER_PATHS = NO;
				CLANG_ANALYZER_NONNULL = YES;
				CLANG_ANALYZER_NUMBER_OBJECT_CONVERSION = YES_AGGRESSIVE;
				CLANG_CXX_LANGUAGE_STANDARD = "gnu++14";
				CLANG_CXX_LIBRARY = "libc++";
				CLANG_ENABLE_OBJC_ARC = YES;
				CLANG_ENABLE_OBJC_WEAK = YES;
				CLANG_WARN_BLOCK_CAPTURE_AUTORELEASING = YES;
				CLANG_WARN_BOOL_CONVERSION = YES;
				CLANG_WARN_COMMA = YES;
				CLANG_WARN_CONSTANT_CONVERSION = YES;
				CLANG_WARN_DEPRECATED_OBJC_IMPLEMENTATIONS = YES;
				CLANG_WARN_DIRECT_OBJC_ISA_USAGE = YES_ERROR;
				CLANG_WARN_DOCUMENTATION_COMMENTS = YES;
				CLANG_WARN_EMPTY_BODY = YES;
				CLANG_WARN_ENUM_CONVERSION = YES;
				CLANG_WARN_INFINITE_RECURSION = YES;
				CLANG_WARN_INT_CONVERSION = YES;
				CLANG_WARN_NON_LITERAL_NULL_CONVERSION = YES;
				CLANG_WARN_OBJC_IMPLICIT_RETAIN_SELF = YES;
				CLANG_WARN_OBJC_LITERAL_CONVERSION = YES;
				CLANG_WARN_OBJC_ROOT_CLASS = YES_ERROR;
				CLANG_WARN_RANGE_LOOP_ANALYSIS = YES;
				CLANG_WARN_STRICT_PROTOTYPES = YES;
				CLANG_WARN_SUSPICIOUS_MOVE = YES;
				CLANG_WARN_UNGUARDED_AVAILABILITY = YES_AGGRESSIVE;
				CLANG_WARN_UNREACHABLE_CODE = YES;
				CLANG_WARN__DUPLICATE_METHOD_MATCH = YES;
				CODE_SIGN_IDENTITY = "Mac Developer";
				CODE_SIGN_STYLE = Automatic;
				COPY_PHASE_STRIP = NO;
				DEVELOPMENT_TEAM = 7AMWG3RLHN;
				ENABLE_NS_ASSERTIONS = NO;
				ENABLE_STRICT_OBJC_MSGSEND = YES;
				EXECUTABLE_PREFIX = lib;
				GCC_C_LANGUAGE_STANDARD = gnu11;
				GCC_NO_COMMON_BLOCKS = YES;
				GCC_WARN_64_TO_32_BIT_CONVERSION = YES;
				GCC_WARN_ABOUT_RETURN_TYPE = YES_ERROR;
				GCC_WARN_UNDECLARED_SELECTOR = YES;
				GCC_WARN_UNINITIALIZED_AUTOS = YES_AGGRESSIVE;
				GCC_WARN_UNUSED_FUNCTION = YES;
				GCC_WARN_UNUSED_VARIABLE = YES;
				MACOSX_DEPLOYMENT_TARGET = 10.14;
				MTL_ENABLE_DEBUG_INFO = NO;
				MTL_FAST_MATH = YES;
				PRODUCT_NAME = "$(TARGET_NAME)";
				SDKROOT = macosx;
				SKIP_INSTALL = YES;
			};
			name = Release;
		};
		DABA311221A696B50026BAB2 /* Debug */ = {
			isa = XCBuildConfiguration;
			buildSettings = {
				ALWAYS_SEARCH_USER_PATHS = NO;
				CLANG_ANALYZER_NONNULL = YES;
				CLANG_ANALYZER_NUMBER_OBJECT_CONVERSION = YES_AGGRESSIVE;
				CLANG_CXX_LANGUAGE_STANDARD = "gnu++14";
				CLANG_CXX_LIBRARY = "libc++";
				CLANG_ENABLE_OBJC_ARC = YES;
				CLANG_ENABLE_OBJC_WEAK = YES;
				CLANG_WARN_BLOCK_CAPTURE_AUTORELEASING = YES;
				CLANG_WARN_BOOL_CONVERSION = YES;
				CLANG_WARN_COMMA = YES;
				CLANG_WARN_CONSTANT_CONVERSION = YES;
				CLANG_WARN_DEPRECATED_OBJC_IMPLEMENTATIONS = YES;
				CLANG_WARN_DIRECT_OBJC_ISA_USAGE = YES_ERROR;
				CLANG_WARN_DOCUMENTATION_COMMENTS = YES;
				CLANG_WARN_EMPTY_BODY = YES;
				CLANG_WARN_ENUM_CONVERSION = YES;
				CLANG_WARN_INFINITE_RECURSION = YES;
				CLANG_WARN_INT_CONVERSION = YES;
				CLANG_WARN_NON_LITERAL_NULL_CONVERSION = YES;
				CLANG_WARN_OBJC_IMPLICIT_RETAIN_SELF = YES;
				CLANG_WARN_OBJC_LITERAL_CONVERSION = YES;
				CLANG_WARN_OBJC_ROOT_CLASS = YES_ERROR;
				CLANG_WARN_RANGE_LOOP_ANALYSIS = YES;
				CLANG_WARN_STRICT_PROTOTYPES = YES;
				CLANG_WARN_SUSPICIOUS_MOVE = YES;
				CLANG_WARN_UNGUARDED_AVAILABILITY = YES_AGGRESSIVE;
				CLANG_WARN_UNREACHABLE_CODE = YES;
				CLANG_WARN__DUPLICATE_METHOD_MATCH = YES;
				CODE_SIGN_IDENTITY = "iPhone Developer";
				CODE_SIGN_STYLE = Automatic;
				COPY_PHASE_STRIP = NO;
				DEVELOPMENT_TEAM = 7AMWG3RLHN;
				ENABLE_STRICT_OBJC_MSGSEND = YES;
				ENABLE_TESTABILITY = YES;
				GCC_C_LANGUAGE_STANDARD = gnu11;
				GCC_DYNAMIC_NO_PIC = NO;
				GCC_NO_COMMON_BLOCKS = YES;
				GCC_OPTIMIZATION_LEVEL = 0;
				GCC_PREPROCESSOR_DEFINITIONS = (
					"DEBUG=1",
					"$(inherited)",
				);
				GCC_WARN_64_TO_32_BIT_CONVERSION = YES;
				GCC_WARN_ABOUT_RETURN_TYPE = YES_ERROR;
				GCC_WARN_UNDECLARED_SELECTOR = YES;
				GCC_WARN_UNINITIALIZED_AUTOS = YES_AGGRESSIVE;
				GCC_WARN_UNUSED_FUNCTION = YES;
				GCC_WARN_UNUSED_VARIABLE = YES;
				INFOPLIST_FILE = Configuration/Mobile.plist;
				LD_RUNPATH_SEARCH_PATHS = (
					"$(inherited)",
					"@executable_path/Frameworks",
				);
				MTL_ENABLE_DEBUG_INFO = INCLUDE_SOURCE;
				MTL_FAST_MATH = YES;
				ONLY_ACTIVE_ARCH = YES;
				PRODUCT_BUNDLE_IDENTIFIER = iturbide.Waverley;
				PRODUCT_NAME = Waverley;
				SDKROOT = iphoneos;
				SWIFT_ACTIVE_COMPILATION_CONDITIONS = DEBUG;
				SWIFT_OPTIMIZATION_LEVEL = "-Onone";
				TARGETED_DEVICE_FAMILY = "1,2";
			};
			name = Debug;
		};
		DABA311321A696B50026BAB2 /* Release */ = {
			isa = XCBuildConfiguration;
			buildSettings = {
				ALWAYS_SEARCH_USER_PATHS = NO;
				CLANG_ANALYZER_NONNULL = YES;
				CLANG_ANALYZER_NUMBER_OBJECT_CONVERSION = YES_AGGRESSIVE;
				CLANG_CXX_LANGUAGE_STANDARD = "gnu++14";
				CLANG_CXX_LIBRARY = "libc++";
				CLANG_ENABLE_OBJC_ARC = YES;
				CLANG_ENABLE_OBJC_WEAK = YES;
				CLANG_WARN_BLOCK_CAPTURE_AUTORELEASING = YES;
				CLANG_WARN_BOOL_CONVERSION = YES;
				CLANG_WARN_COMMA = YES;
				CLANG_WARN_CONSTANT_CONVERSION = YES;
				CLANG_WARN_DEPRECATED_OBJC_IMPLEMENTATIONS = YES;
				CLANG_WARN_DIRECT_OBJC_ISA_USAGE = YES_ERROR;
				CLANG_WARN_DOCUMENTATION_COMMENTS = YES;
				CLANG_WARN_EMPTY_BODY = YES;
				CLANG_WARN_ENUM_CONVERSION = YES;
				CLANG_WARN_INFINITE_RECURSION = YES;
				CLANG_WARN_INT_CONVERSION = YES;
				CLANG_WARN_NON_LITERAL_NULL_CONVERSION = YES;
				CLANG_WARN_OBJC_IMPLICIT_RETAIN_SELF = YES;
				CLANG_WARN_OBJC_LITERAL_CONVERSION = YES;
				CLANG_WARN_OBJC_ROOT_CLASS = YES_ERROR;
				CLANG_WARN_RANGE_LOOP_ANALYSIS = YES;
				CLANG_WARN_STRICT_PROTOTYPES = YES;
				CLANG_WARN_SUSPICIOUS_MOVE = YES;
				CLANG_WARN_UNGUARDED_AVAILABILITY = YES_AGGRESSIVE;
				CLANG_WARN_UNREACHABLE_CODE = YES;
				CLANG_WARN__DUPLICATE_METHOD_MATCH = YES;
				CODE_SIGN_IDENTITY = "iPhone Developer";
				CODE_SIGN_STYLE = Automatic;
				COPY_PHASE_STRIP = NO;
				DEVELOPMENT_TEAM = 7AMWG3RLHN;
				ENABLE_NS_ASSERTIONS = NO;
				ENABLE_STRICT_OBJC_MSGSEND = YES;
				GCC_C_LANGUAGE_STANDARD = gnu11;
				GCC_NO_COMMON_BLOCKS = YES;
				GCC_WARN_64_TO_32_BIT_CONVERSION = YES;
				GCC_WARN_ABOUT_RETURN_TYPE = YES_ERROR;
				GCC_WARN_UNDECLARED_SELECTOR = YES;
				GCC_WARN_UNINITIALIZED_AUTOS = YES_AGGRESSIVE;
				GCC_WARN_UNUSED_FUNCTION = YES;
				GCC_WARN_UNUSED_VARIABLE = YES;
				INFOPLIST_FILE = Configuration/Mobile.plist;
				LD_RUNPATH_SEARCH_PATHS = (
					"$(inherited)",
					"@executable_path/Frameworks",
				);
				MTL_ENABLE_DEBUG_INFO = NO;
				MTL_FAST_MATH = YES;
				PRODUCT_BUNDLE_IDENTIFIER = iturbide.Waverley;
				PRODUCT_NAME = Waverley;
				SDKROOT = iphoneos;
				SWIFT_COMPILATION_MODE = wholemodule;
				SWIFT_OPTIMIZATION_LEVEL = "-O";
				TARGETED_DEVICE_FAMILY = "1,2";
				VALIDATE_PRODUCT = YES;
			};
			name = Release;
		};
		DABA312621A696D00026BAB2 /* Debug */ = {
			isa = XCBuildConfiguration;
			buildSettings = {
				ALWAYS_SEARCH_USER_PATHS = NO;
				CLANG_ANALYZER_NONNULL = YES;
				CLANG_ANALYZER_NUMBER_OBJECT_CONVERSION = YES_AGGRESSIVE;
				CLANG_CXX_LANGUAGE_STANDARD = "gnu++14";
				CLANG_CXX_LIBRARY = "libc++";
				CLANG_ENABLE_OBJC_ARC = YES;
				CLANG_ENABLE_OBJC_WEAK = YES;
				CLANG_WARN_BLOCK_CAPTURE_AUTORELEASING = YES;
				CLANG_WARN_BOOL_CONVERSION = YES;
				CLANG_WARN_COMMA = YES;
				CLANG_WARN_CONSTANT_CONVERSION = YES;
				CLANG_WARN_DEPRECATED_OBJC_IMPLEMENTATIONS = YES;
				CLANG_WARN_DIRECT_OBJC_ISA_USAGE = YES_ERROR;
				CLANG_WARN_DOCUMENTATION_COMMENTS = YES;
				CLANG_WARN_EMPTY_BODY = YES;
				CLANG_WARN_ENUM_CONVERSION = YES;
				CLANG_WARN_INFINITE_RECURSION = YES;
				CLANG_WARN_INT_CONVERSION = YES;
				CLANG_WARN_NON_LITERAL_NULL_CONVERSION = YES;
				CLANG_WARN_OBJC_IMPLICIT_RETAIN_SELF = YES;
				CLANG_WARN_OBJC_LITERAL_CONVERSION = YES;
				CLANG_WARN_OBJC_ROOT_CLASS = YES_ERROR;
				CLANG_WARN_RANGE_LOOP_ANALYSIS = YES;
				CLANG_WARN_STRICT_PROTOTYPES = YES;
				CLANG_WARN_SUSPICIOUS_MOVE = YES;
				CLANG_WARN_UNGUARDED_AVAILABILITY = YES_AGGRESSIVE;
				CLANG_WARN_UNREACHABLE_CODE = YES;
				CLANG_WARN__DUPLICATE_METHOD_MATCH = YES;
				CODE_SIGN_ENTITLEMENTS = Configuration/Desktop.entitlements;
				CODE_SIGN_IDENTITY = "Mac Developer";
				CODE_SIGN_STYLE = Automatic;
				COMBINE_HIDPI_IMAGES = YES;
				COPY_PHASE_STRIP = NO;
				DEVELOPMENT_TEAM = 7AMWG3RLHN;
				ENABLE_STRICT_OBJC_MSGSEND = YES;
				ENABLE_TESTABILITY = YES;
				GCC_C_LANGUAGE_STANDARD = gnu11;
				GCC_DYNAMIC_NO_PIC = NO;
				GCC_NO_COMMON_BLOCKS = YES;
				GCC_OPTIMIZATION_LEVEL = 0;
				GCC_PREPROCESSOR_DEFINITIONS = (
					"DEBUG=1",
					"$(inherited)",
				);
				GCC_WARN_64_TO_32_BIT_CONVERSION = YES;
				GCC_WARN_ABOUT_RETURN_TYPE = YES_ERROR;
				GCC_WARN_UNDECLARED_SELECTOR = YES;
				GCC_WARN_UNINITIALIZED_AUTOS = YES_AGGRESSIVE;
				GCC_WARN_UNUSED_FUNCTION = YES;
				GCC_WARN_UNUSED_VARIABLE = YES;
				INFOPLIST_FILE = Configuration/Desktop.plist;
				LD_RUNPATH_SEARCH_PATHS = (
					"$(inherited)",
					"@executable_path/../Frameworks",
				);
				MACOSX_DEPLOYMENT_TARGET = 10.14;
				MTL_ENABLE_DEBUG_INFO = INCLUDE_SOURCE;
				MTL_FAST_MATH = YES;
				ONLY_ACTIVE_ARCH = YES;
				PRODUCT_BUNDLE_IDENTIFIER = iturbide.Waverley;
				PRODUCT_NAME = Waverley;
				SDKROOT = macosx;
				SWIFT_ACTIVE_COMPILATION_CONDITIONS = DEBUG;
				SWIFT_OPTIMIZATION_LEVEL = "-Onone";
			};
			name = Debug;
		};
		DABA312721A696D00026BAB2 /* Release */ = {
			isa = XCBuildConfiguration;
			buildSettings = {
				ALWAYS_SEARCH_USER_PATHS = NO;
				CLANG_ANALYZER_NONNULL = YES;
				CLANG_ANALYZER_NUMBER_OBJECT_CONVERSION = YES_AGGRESSIVE;
				CLANG_CXX_LANGUAGE_STANDARD = "gnu++14";
				CLANG_CXX_LIBRARY = "libc++";
				CLANG_ENABLE_OBJC_ARC = YES;
				CLANG_ENABLE_OBJC_WEAK = YES;
				CLANG_WARN_BLOCK_CAPTURE_AUTORELEASING = YES;
				CLANG_WARN_BOOL_CONVERSION = YES;
				CLANG_WARN_COMMA = YES;
				CLANG_WARN_CONSTANT_CONVERSION = YES;
				CLANG_WARN_DEPRECATED_OBJC_IMPLEMENTATIONS = YES;
				CLANG_WARN_DIRECT_OBJC_ISA_USAGE = YES_ERROR;
				CLANG_WARN_DOCUMENTATION_COMMENTS = YES;
				CLANG_WARN_EMPTY_BODY = YES;
				CLANG_WARN_ENUM_CONVERSION = YES;
				CLANG_WARN_INFINITE_RECURSION = YES;
				CLANG_WARN_INT_CONVERSION = YES;
				CLANG_WARN_NON_LITERAL_NULL_CONVERSION = YES;
				CLANG_WARN_OBJC_IMPLICIT_RETAIN_SELF = YES;
				CLANG_WARN_OBJC_LITERAL_CONVERSION = YES;
				CLANG_WARN_OBJC_ROOT_CLASS = YES_ERROR;
				CLANG_WARN_RANGE_LOOP_ANALYSIS = YES;
				CLANG_WARN_STRICT_PROTOTYPES = YES;
				CLANG_WARN_SUSPICIOUS_MOVE = YES;
				CLANG_WARN_UNGUARDED_AVAILABILITY = YES_AGGRESSIVE;
				CLANG_WARN_UNREACHABLE_CODE = YES;
				CLANG_WARN__DUPLICATE_METHOD_MATCH = YES;
				CODE_SIGN_ENTITLEMENTS = Configuration/Desktop.entitlements;
				CODE_SIGN_IDENTITY = "Mac Developer";
				CODE_SIGN_STYLE = Automatic;
				COMBINE_HIDPI_IMAGES = YES;
				COPY_PHASE_STRIP = NO;
				DEVELOPMENT_TEAM = 7AMWG3RLHN;
				ENABLE_NS_ASSERTIONS = NO;
				ENABLE_STRICT_OBJC_MSGSEND = YES;
				GCC_C_LANGUAGE_STANDARD = gnu11;
				GCC_NO_COMMON_BLOCKS = YES;
				GCC_WARN_64_TO_32_BIT_CONVERSION = YES;
				GCC_WARN_ABOUT_RETURN_TYPE = YES_ERROR;
				GCC_WARN_UNDECLARED_SELECTOR = YES;
				GCC_WARN_UNINITIALIZED_AUTOS = YES_AGGRESSIVE;
				GCC_WARN_UNUSED_FUNCTION = YES;
				GCC_WARN_UNUSED_VARIABLE = YES;
				INFOPLIST_FILE = Configuration/Desktop.plist;
				LD_RUNPATH_SEARCH_PATHS = (
					"$(inherited)",
					"@executable_path/../Frameworks",
				);
				MACOSX_DEPLOYMENT_TARGET = 10.14;
				MTL_ENABLE_DEBUG_INFO = NO;
				MTL_FAST_MATH = YES;
				PRODUCT_BUNDLE_IDENTIFIER = iturbide.Waverley;
				PRODUCT_NAME = Waverley;
				SDKROOT = macosx;
				SWIFT_COMPILATION_MODE = wholemodule;
				SWIFT_OPTIMIZATION_LEVEL = "-O";
			};
			name = Release;
		};
		DACE75CD21A8666200B704C3 /* Debug */ = {
			isa = XCBuildConfiguration;
			buildSettings = {
				ALWAYS_SEARCH_USER_PATHS = NO;
				CLANG_ANALYZER_NONNULL = YES;
				CLANG_ANALYZER_NUMBER_OBJECT_CONVERSION = YES_AGGRESSIVE;
				CLANG_CXX_LANGUAGE_STANDARD = "gnu++14";
				CLANG_CXX_LIBRARY = "libc++";
				CLANG_ENABLE_OBJC_ARC = YES;
				CLANG_ENABLE_OBJC_WEAK = YES;
				CLANG_WARN_BLOCK_CAPTURE_AUTORELEASING = YES;
				CLANG_WARN_BOOL_CONVERSION = YES;
				CLANG_WARN_COMMA = YES;
				CLANG_WARN_CONSTANT_CONVERSION = YES;
				CLANG_WARN_DEPRECATED_OBJC_IMPLEMENTATIONS = YES;
				CLANG_WARN_DIRECT_OBJC_ISA_USAGE = YES_ERROR;
				CLANG_WARN_DOCUMENTATION_COMMENTS = YES;
				CLANG_WARN_EMPTY_BODY = YES;
				CLANG_WARN_ENUM_CONVERSION = YES;
				CLANG_WARN_INFINITE_RECURSION = YES;
				CLANG_WARN_INT_CONVERSION = YES;
				CLANG_WARN_NON_LITERAL_NULL_CONVERSION = YES;
				CLANG_WARN_OBJC_IMPLICIT_RETAIN_SELF = YES;
				CLANG_WARN_OBJC_LITERAL_CONVERSION = YES;
				CLANG_WARN_OBJC_ROOT_CLASS = YES_ERROR;
				CLANG_WARN_RANGE_LOOP_ANALYSIS = YES;
				CLANG_WARN_STRICT_PROTOTYPES = YES;
				CLANG_WARN_SUSPICIOUS_MOVE = YES;
				CLANG_WARN_UNGUARDED_AVAILABILITY = YES_AGGRESSIVE;
				CLANG_WARN_UNREACHABLE_CODE = YES;
				CLANG_WARN__DUPLICATE_METHOD_MATCH = YES;
				CODE_SIGN_IDENTITY = "Mac Developer";
				CODE_SIGN_STYLE = Automatic;
				COMBINE_HIDPI_IMAGES = YES;
				COPY_PHASE_STRIP = NO;
				DEVELOPMENT_TEAM = 7AMWG3RLHN;
				ENABLE_STRICT_OBJC_MSGSEND = YES;
				ENABLE_TESTABILITY = YES;
				GCC_C_LANGUAGE_STANDARD = gnu11;
				GCC_DYNAMIC_NO_PIC = NO;
				GCC_NO_COMMON_BLOCKS = YES;
				GCC_OPTIMIZATION_LEVEL = 0;
				GCC_PREPROCESSOR_DEFINITIONS = (
					"DEBUG=1",
					"$(inherited)",
				);
				GCC_WARN_64_TO_32_BIT_CONVERSION = YES;
				GCC_WARN_ABOUT_RETURN_TYPE = YES_ERROR;
				GCC_WARN_UNDECLARED_SELECTOR = YES;
				GCC_WARN_UNINITIALIZED_AUTOS = YES_AGGRESSIVE;
				GCC_WARN_UNUSED_FUNCTION = YES;
				GCC_WARN_UNUSED_VARIABLE = YES;
				INFOPLIST_FILE = Configuration/Tests.plist;
				LD_RUNPATH_SEARCH_PATHS = (
					"$(inherited)",
					"@executable_path/../Frameworks",
					"@loader_path/../Frameworks",
				);
				MTL_ENABLE_DEBUG_INFO = INCLUDE_SOURCE;
				MTL_FAST_MATH = YES;
				ONLY_ACTIVE_ARCH = YES;
				PRODUCT_BUNDLE_IDENTIFIER = iturbide.Waverley.Tests;
				PRODUCT_NAME = "$(TARGET_NAME)";
				PROVISIONING_PROFILE_SPECIFIER = "";
				SDKROOT = macosx;
				SWIFT_ACTIVE_COMPILATION_CONDITIONS = DEBUG;
				SWIFT_OPTIMIZATION_LEVEL = "-Onone";
			};
			name = Debug;
		};
		DACE75CE21A8666200B704C3 /* Release */ = {
			isa = XCBuildConfiguration;
			buildSettings = {
				ALWAYS_SEARCH_USER_PATHS = NO;
				CLANG_ANALYZER_NONNULL = YES;
				CLANG_ANALYZER_NUMBER_OBJECT_CONVERSION = YES_AGGRESSIVE;
				CLANG_CXX_LANGUAGE_STANDARD = "gnu++14";
				CLANG_CXX_LIBRARY = "libc++";
				CLANG_ENABLE_OBJC_ARC = YES;
				CLANG_ENABLE_OBJC_WEAK = YES;
				CLANG_WARN_BLOCK_CAPTURE_AUTORELEASING = YES;
				CLANG_WARN_BOOL_CONVERSION = YES;
				CLANG_WARN_COMMA = YES;
				CLANG_WARN_CONSTANT_CONVERSION = YES;
				CLANG_WARN_DEPRECATED_OBJC_IMPLEMENTATIONS = YES;
				CLANG_WARN_DIRECT_OBJC_ISA_USAGE = YES_ERROR;
				CLANG_WARN_DOCUMENTATION_COMMENTS = YES;
				CLANG_WARN_EMPTY_BODY = YES;
				CLANG_WARN_ENUM_CONVERSION = YES;
				CLANG_WARN_INFINITE_RECURSION = YES;
				CLANG_WARN_INT_CONVERSION = YES;
				CLANG_WARN_NON_LITERAL_NULL_CONVERSION = YES;
				CLANG_WARN_OBJC_IMPLICIT_RETAIN_SELF = YES;
				CLANG_WARN_OBJC_LITERAL_CONVERSION = YES;
				CLANG_WARN_OBJC_ROOT_CLASS = YES_ERROR;
				CLANG_WARN_RANGE_LOOP_ANALYSIS = YES;
				CLANG_WARN_STRICT_PROTOTYPES = YES;
				CLANG_WARN_SUSPICIOUS_MOVE = YES;
				CLANG_WARN_UNGUARDED_AVAILABILITY = YES_AGGRESSIVE;
				CLANG_WARN_UNREACHABLE_CODE = YES;
				CLANG_WARN__DUPLICATE_METHOD_MATCH = YES;
				CODE_SIGN_IDENTITY = "Mac Developer";
				CODE_SIGN_STYLE = Automatic;
				COMBINE_HIDPI_IMAGES = YES;
				COPY_PHASE_STRIP = NO;
				DEVELOPMENT_TEAM = 7AMWG3RLHN;
				ENABLE_NS_ASSERTIONS = NO;
				ENABLE_STRICT_OBJC_MSGSEND = YES;
				GCC_C_LANGUAGE_STANDARD = gnu11;
				GCC_NO_COMMON_BLOCKS = YES;
				GCC_WARN_64_TO_32_BIT_CONVERSION = YES;
				GCC_WARN_ABOUT_RETURN_TYPE = YES_ERROR;
				GCC_WARN_UNDECLARED_SELECTOR = YES;
				GCC_WARN_UNINITIALIZED_AUTOS = YES_AGGRESSIVE;
				GCC_WARN_UNUSED_FUNCTION = YES;
				GCC_WARN_UNUSED_VARIABLE = YES;
				INFOPLIST_FILE = Configuration/Tests.plist;
				LD_RUNPATH_SEARCH_PATHS = (
					"$(inherited)",
					"@executable_path/../Frameworks",
					"@loader_path/../Frameworks",
				);
				MTL_ENABLE_DEBUG_INFO = NO;
				MTL_FAST_MATH = YES;
				PRODUCT_BUNDLE_IDENTIFIER = iturbide.Waverley.Tests;
				PRODUCT_NAME = "$(TARGET_NAME)";
				PROVISIONING_PROFILE_SPECIFIER = "";
				SDKROOT = macosx;
				SWIFT_COMPILATION_MODE = wholemodule;
				SWIFT_OPTIMIZATION_LEVEL = "-O";
			};
			name = Release;
		};
/* End XCBuildConfiguration section */

/* Begin XCConfigurationList section */
		DABA30D321A695FC0026BAB2 /* Build configuration list for PBXProject "Waverley" */ = {
			isa = XCConfigurationList;
			buildConfigurations = (
				DABA30D421A695FC0026BAB2 /* Debug */,
				DABA30D521A695FC0026BAB2 /* Release */,
			);
			defaultConfigurationIsVisible = 0;
			defaultConfigurationName = Release;
		};
		DABA30DF21A6961C0026BAB2 /* Build configuration list for PBXNativeTarget "Mobile" */ = {
			isa = XCConfigurationList;
			buildConfigurations = (
				DABA30E021A6961C0026BAB2 /* Debug */,
				DABA30E121A6961C0026BAB2 /* Release */,
			);
			defaultConfigurationIsVisible = 0;
			defaultConfigurationName = Release;
		};
		DABA30EC21A6962A0026BAB2 /* Build configuration list for PBXNativeTarget "Desktop" */ = {
			isa = XCConfigurationList;
			buildConfigurations = (
				DABA30ED21A6962A0026BAB2 /* Debug */,
				DABA30EE21A6962A0026BAB2 /* Release */,
			);
			defaultConfigurationIsVisible = 0;
			defaultConfigurationName = Release;
		};
		DABA311121A696B50026BAB2 /* Build configuration list for PBXNativeTarget "MobileUI" */ = {
			isa = XCConfigurationList;
			buildConfigurations = (
				DABA311221A696B50026BAB2 /* Debug */,
				DABA311321A696B50026BAB2 /* Release */,
			);
			defaultConfigurationIsVisible = 0;
			defaultConfigurationName = Release;
		};
		DABA312521A696D00026BAB2 /* Build configuration list for PBXNativeTarget "DesktopUI" */ = {
			isa = XCConfigurationList;
			buildConfigurations = (
				DABA312621A696D00026BAB2 /* Debug */,
				DABA312721A696D00026BAB2 /* Release */,
			);
			defaultConfigurationIsVisible = 0;
			defaultConfigurationName = Release;
		};
		DACE75CC21A8666200B704C3 /* Build configuration list for PBXNativeTarget "Tests" */ = {
			isa = XCConfigurationList;
			buildConfigurations = (
				DACE75CD21A8666200B704C3 /* Debug */,
				DACE75CE21A8666200B704C3 /* Release */,
			);
			defaultConfigurationIsVisible = 0;
			defaultConfigurationName = Release;
		};
/* End XCConfigurationList section */
	};
	rootObject = DABA30D021A695FC0026BAB2 /* Project object */;
}
